// !$*UTF8*$!
{
	archiveVersion = 1;
	classes = {
	};
	objectVersion = 56;
	objects = {

/* Begin PBXBuildFile section */
		926B417C299C656200E5EE61 /* iDessertsApp.swift in Sources */ = {isa = PBXBuildFile; fileRef = 926B417B299C656200E5EE61 /* iDessertsApp.swift */; };
		926B417E299C656200E5EE61 /* MealListView.swift in Sources */ = {isa = PBXBuildFile; fileRef = 926B417D299C656200E5EE61 /* MealListView.swift */; };
		926B4180299C656500E5EE61 /* Assets.xcassets in Resources */ = {isa = PBXBuildFile; fileRef = 926B417F299C656500E5EE61 /* Assets.xcassets */; };
		926B4183299C656500E5EE61 /* Preview Assets.xcassets in Resources */ = {isa = PBXBuildFile; fileRef = 926B4182299C656500E5EE61 /* Preview Assets.xcassets */; };
		926B418D299C67B600E5EE61 /* .gitignore in Resources */ = {isa = PBXBuildFile; fileRef = 926B418C299C67B600E5EE61 /* .gitignore */; };
		926B418F299C773600E5EE61 /* Meal.swift in Sources */ = {isa = PBXBuildFile; fileRef = 926B418E299C773600E5EE61 /* Meal.swift */; };
		926B4193299C8F6100E5EE61 /* MealDetailView.swift in Sources */ = {isa = PBXBuildFile; fileRef = 926B4192299C8F6100E5EE61 /* MealDetailView.swift */; };
		926B4197299C9F2800E5EE61 /* MealRemoteImage.swift in Sources */ = {isa = PBXBuildFile; fileRef = 926B4196299C9F2800E5EE61 /* MealRemoteImage.swift */; };
		926B4199299CA54000E5EE61 /* MealDetail-ViewModel.swift in Sources */ = {isa = PBXBuildFile; fileRef = 926B4198299CA54000E5EE61 /* MealDetail-ViewModel.swift */; };
		926B419D299D29A800E5EE61 /* Ingredient.swift in Sources */ = {isa = PBXBuildFile; fileRef = 926B419C299D29A800E5EE61 /* Ingredient.swift */; };
		926B41A0299D2FA600E5EE61 /* MealDetailsResponse.swift in Sources */ = {isa = PBXBuildFile; fileRef = 926B419F299D2FA600E5EE61 /* MealDetailsResponse.swift */; };
		926B41A2299D46E400E5EE61 /* StringUtil.swift in Sources */ = {isa = PBXBuildFile; fileRef = 926B41A1299D46E400E5EE61 /* StringUtil.swift */; };
/* End PBXBuildFile section */

/* Begin PBXFileReference section */
		926B4178299C656200E5EE61 /* iDesserts.app */ = {isa = PBXFileReference; explicitFileType = wrapper.application; includeInIndex = 0; path = iDesserts.app; sourceTree = BUILT_PRODUCTS_DIR; };
		926B417B299C656200E5EE61 /* iDessertsApp.swift */ = {isa = PBXFileReference; lastKnownFileType = sourcecode.swift; path = iDessertsApp.swift; sourceTree = "<group>"; };
		926B417D299C656200E5EE61 /* MealListView.swift */ = {isa = PBXFileReference; lastKnownFileType = sourcecode.swift; path = MealListView.swift; sourceTree = "<group>"; };
		926B417F299C656500E5EE61 /* Assets.xcassets */ = {isa = PBXFileReference; lastKnownFileType = folder.assetcatalog; path = Assets.xcassets; sourceTree = "<group>"; };
		926B4182299C656500E5EE61 /* Preview Assets.xcassets */ = {isa = PBXFileReference; lastKnownFileType = folder.assetcatalog; path = "Preview Assets.xcassets"; sourceTree = "<group>"; };
		926B418C299C67B600E5EE61 /* .gitignore */ = {isa = PBXFileReference; lastKnownFileType = text; path = .gitignore; sourceTree = "<group>"; };
		926B418E299C773600E5EE61 /* Meal.swift */ = {isa = PBXFileReference; lastKnownFileType = sourcecode.swift; path = Meal.swift; sourceTree = "<group>"; };
		926B4192299C8F6100E5EE61 /* MealDetailView.swift */ = {isa = PBXFileReference; lastKnownFileType = sourcecode.swift; path = MealDetailView.swift; sourceTree = "<group>"; };
		926B4196299C9F2800E5EE61 /* MealRemoteImage.swift */ = {isa = PBXFileReference; lastKnownFileType = sourcecode.swift; path = MealRemoteImage.swift; sourceTree = "<group>"; };
		926B4198299CA54000E5EE61 /* MealDetail-ViewModel.swift */ = {isa = PBXFileReference; lastKnownFileType = sourcecode.swift; path = "MealDetail-ViewModel.swift"; sourceTree = "<group>"; };
		926B419C299D29A800E5EE61 /* Ingredient.swift */ = {isa = PBXFileReference; lastKnownFileType = sourcecode.swift; path = Ingredient.swift; sourceTree = "<group>"; };
		926B419F299D2FA600E5EE61 /* MealDetailsResponse.swift */ = {isa = PBXFileReference; lastKnownFileType = sourcecode.swift; path = MealDetailsResponse.swift; sourceTree = "<group>"; };
		926B41A1299D46E400E5EE61 /* StringUtil.swift */ = {isa = PBXFileReference; lastKnownFileType = sourcecode.swift; path = StringUtil.swift; sourceTree = "<group>"; };
/* End PBXFileReference section */

/* Begin PBXFrameworksBuildPhase section */
		926B4175299C656200E5EE61 /* Frameworks */ = {
			isa = PBXFrameworksBuildPhase;
			buildActionMask = 2147483647;
			files = (
			);
			runOnlyForDeploymentPostprocessing = 0;
		};
/* End PBXFrameworksBuildPhase section */

/* Begin PBXGroup section */
		926B416F299C656200E5EE61 = {
			isa = PBXGroup;
			children = (
				926B418C299C67B600E5EE61 /* .gitignore */,
				926B417A299C656200E5EE61 /* iDesserts */,
				926B4179299C656200E5EE61 /* Products */,
			);
			sourceTree = "<group>";
		};
		926B4179299C656200E5EE61 /* Products */ = {
			isa = PBXGroup;
			children = (
				926B4178299C656200E5EE61 /* iDesserts.app */,
			);
			name = Products;
			sourceTree = "<group>";
		};
		926B417A299C656200E5EE61 /* iDesserts */ = {
			isa = PBXGroup;
			children = (
				926B4194299C917100E5EE61 /* Util */,
				926B418B299C658700E5EE61 /* ViewModels */,
				926B418A299C657800E5EE61 /* Views */,
				926B4189299C657100E5EE61 /* Models */,
				926B417B299C656200E5EE61 /* iDessertsApp.swift */,
				926B417F299C656500E5EE61 /* Assets.xcassets */,
				926B4181299C656500E5EE61 /* Preview Content */,
			);
			path = iDesserts;
			sourceTree = "<group>";
		};
		926B4181299C656500E5EE61 /* Preview Content */ = {
			isa = PBXGroup;
			children = (
				926B4182299C656500E5EE61 /* Preview Assets.xcassets */,
			);
			path = "Preview Content";
			sourceTree = "<group>";
		};
		926B4189299C657100E5EE61 /* Models */ = {
			isa = PBXGroup;
			children = (
				926B419E299D2EB700E5EE61 /* NetworkSpecific */,
				926B418E299C773600E5EE61 /* Meal.swift */,
				926B419C299D29A800E5EE61 /* Ingredient.swift */,
			);
			path = Models;
			sourceTree = "<group>";
		};
		926B418A299C657800E5EE61 /* Views */ = {
			isa = PBXGroup;
			children = (
				926B417D299C656200E5EE61 /* MealListView.swift */,
				926B4192299C8F6100E5EE61 /* MealDetailView.swift */,
				926B4196299C9F2800E5EE61 /* MealRemoteImage.swift */,
			);
			path = Views;
			sourceTree = "<group>";
		};
		926B418B299C658700E5EE61 /* ViewModels */ = {
			isa = PBXGroup;
			children = (
				926B4198299CA54000E5EE61 /* MealDetail-ViewModel.swift */,
			);
			path = ViewModels;
			sourceTree = "<group>";
		};
		926B4194299C917100E5EE61 /* Util */ = {
			isa = PBXGroup;
			children = (
				926B41A1299D46E400E5EE61 /* StringUtil.swift */,
			);
			path = Util;
			sourceTree = "<group>";
		};
		926B419E299D2EB700E5EE61 /* NetworkSpecific */ = {
			isa = PBXGroup;
			children = (
				926B419F299D2FA600E5EE61 /* MealDetailsResponse.swift */,
			);
			path = NetworkSpecific;
			sourceTree = "<group>";
		};
/* End PBXGroup section */

/* Begin PBXNativeTarget section */
		926B4177299C656200E5EE61 /* iDesserts */ = {
			isa = PBXNativeTarget;
			buildConfigurationList = 926B4186299C656500E5EE61 /* Build configuration list for PBXNativeTarget "iDesserts" */;
			buildPhases = (
				926B4174299C656200E5EE61 /* Sources */,
				926B4175299C656200E5EE61 /* Frameworks */,
				926B4176299C656200E5EE61 /* Resources */,
			);
			buildRules = (
			);
			dependencies = (
			);
			name = iDesserts;
			productName = iDesserts;
			productReference = 926B4178299C656200E5EE61 /* iDesserts.app */;
			productType = "com.apple.product-type.application";
		};
/* End PBXNativeTarget section */

/* Begin PBXProject section */
		926B4170299C656200E5EE61 /* Project object */ = {
			isa = PBXProject;
			attributes = {
				BuildIndependentTargetsInParallel = 1;
				LastSwiftUpdateCheck = 1420;
				LastUpgradeCheck = 1420;
				TargetAttributes = {
					926B4177299C656200E5EE61 = {
						CreatedOnToolsVersion = 14.2;
					};
				};
			};
			buildConfigurationList = 926B4173299C656200E5EE61 /* Build configuration list for PBXProject "iDesserts" */;
			compatibilityVersion = "Xcode 14.0";
			developmentRegion = en;
			hasScannedForEncodings = 0;
			knownRegions = (
				en,
				Base,
			);
			mainGroup = 926B416F299C656200E5EE61;
			productRefGroup = 926B4179299C656200E5EE61 /* Products */;
			projectDirPath = "";
			projectRoot = "";
			targets = (
				926B4177299C656200E5EE61 /* iDesserts */,
			);
		};
/* End PBXProject section */

/* Begin PBXResourcesBuildPhase section */
		926B4176299C656200E5EE61 /* Resources */ = {
			isa = PBXResourcesBuildPhase;
			buildActionMask = 2147483647;
			files = (
				926B4183299C656500E5EE61 /* Preview Assets.xcassets in Resources */,
				926B418D299C67B600E5EE61 /* .gitignore in Resources */,
				926B4180299C656500E5EE61 /* Assets.xcassets in Resources */,
			);
			runOnlyForDeploymentPostprocessing = 0;
		};
/* End PBXResourcesBuildPhase section */

/* Begin PBXSourcesBuildPhase section */
		926B4174299C656200E5EE61 /* Sources */ = {
			isa = PBXSourcesBuildPhase;
			buildActionMask = 2147483647;
			files = (
				926B4193299C8F6100E5EE61 /* MealDetailView.swift in Sources */,
				926B417E299C656200E5EE61 /* MealListView.swift in Sources */,
				926B41A2299D46E400E5EE61 /* StringUtil.swift in Sources */,
				926B4197299C9F2800E5EE61 /* MealRemoteImage.swift in Sources */,
				926B419D299D29A800E5EE61 /* Ingredient.swift in Sources */,
				926B418F299C773600E5EE61 /* Meal.swift in Sources */,
				926B4199299CA54000E5EE61 /* MealDetail-ViewModel.swift in Sources */,
				926B417C299C656200E5EE61 /* iDessertsApp.swift in Sources */,
				926B41A0299D2FA600E5EE61 /* MealDetailsResponse.swift in Sources */,
			);
			runOnlyForDeploymentPostprocessing = 0;
		};
/* End PBXSourcesBuildPhase section */

/* Begin XCBuildConfiguration section */
		926B4184299C656500E5EE61 /* Debug */ = {
			isa = XCBuildConfiguration;
			buildSettings = {
				ALWAYS_SEARCH_USER_PATHS = NO;
				CLANG_ANALYZER_NONNULL = YES;
				CLANG_ANALYZER_NUMBER_OBJECT_CONVERSION = YES_AGGRESSIVE;
				CLANG_CXX_LANGUAGE_STANDARD = "gnu++20";
				CLANG_ENABLE_MODULES = YES;
				CLANG_ENABLE_OBJC_ARC = YES;
				CLANG_ENABLE_OBJC_WEAK = YES;
				CLANG_WARN_BLOCK_CAPTURE_AUTORELEASING = YES;
				CLANG_WARN_BOOL_CONVERSION = YES;
				CLANG_WARN_COMMA = YES;
				CLANG_WARN_CONSTANT_CONVERSION = YES;
				CLANG_WARN_DEPRECATED_OBJC_IMPLEMENTATIONS = YES;
				CLANG_WARN_DIRECT_OBJC_ISA_USAGE = YES_ERROR;
				CLANG_WARN_DOCUMENTATION_COMMENTS = YES;
				CLANG_WARN_EMPTY_BODY = YES;
				CLANG_WARN_ENUM_CONVERSION = YES;
				CLANG_WARN_INFINITE_RECURSION = YES;
				CLANG_WARN_INT_CONVERSION = YES;
				CLANG_WARN_NON_LITERAL_NULL_CONVERSION = YES;
				CLANG_WARN_OBJC_IMPLICIT_RETAIN_SELF = YES;
				CLANG_WARN_OBJC_LITERAL_CONVERSION = YES;
				CLANG_WARN_OBJC_ROOT_CLASS = YES_ERROR;
				CLANG_WARN_QUOTED_INCLUDE_IN_FRAMEWORK_HEADER = YES;
				CLANG_WARN_RANGE_LOOP_ANALYSIS = YES;
				CLANG_WARN_STRICT_PROTOTYPES = YES;
				CLANG_WARN_SUSPICIOUS_MOVE = YES;
				CLANG_WARN_UNGUARDED_AVAILABILITY = YES_AGGRESSIVE;
				CLANG_WARN_UNREACHABLE_CODE = YES;
				CLANG_WARN__DUPLICATE_METHOD_MATCH = YES;
				COPY_PHASE_STRIP = NO;
				DEBUG_INFORMATION_FORMAT = dwarf;
				ENABLE_STRICT_OBJC_MSGSEND = YES;
				ENABLE_TESTABILITY = YES;
				GCC_C_LANGUAGE_STANDARD = gnu11;
				GCC_DYNAMIC_NO_PIC = NO;
				GCC_NO_COMMON_BLOCKS = YES;
				GCC_OPTIMIZATION_LEVEL = 0;
				GCC_PREPROCESSOR_DEFINITIONS = (
					"DEBUG=1",
					"$(inherited)",
				);
				GCC_WARN_64_TO_32_BIT_CONVERSION = YES;
				GCC_WARN_ABOUT_RETURN_TYPE = YES_ERROR;
				GCC_WARN_UNDECLARED_SELECTOR = YES;
				GCC_WARN_UNINITIALIZED_AUTOS = YES_AGGRESSIVE;
				GCC_WARN_UNUSED_FUNCTION = YES;
				GCC_WARN_UNUSED_VARIABLE = YES;
				IPHONEOS_DEPLOYMENT_TARGET = 16.2;
				MTL_ENABLE_DEBUG_INFO = INCLUDE_SOURCE;
				MTL_FAST_MATH = YES;
				ONLY_ACTIVE_ARCH = YES;
				SDKROOT = iphoneos;
				SWIFT_ACTIVE_COMPILATION_CONDITIONS = DEBUG;
				SWIFT_OPTIMIZATION_LEVEL = "-Onone";
			};
			name = Debug;
		};
		926B4185299C656500E5EE61 /* Release */ = {
			isa = XCBuildConfiguration;
			buildSettings = {
				ALWAYS_SEARCH_USER_PATHS = NO;
				CLANG_ANALYZER_NONNULL = YES;
				CLANG_ANALYZER_NUMBER_OBJECT_CONVERSION = YES_AGGRESSIVE;
				CLANG_CXX_LANGUAGE_STANDARD = "gnu++20";
				CLANG_ENABLE_MODULES = YES;
				CLANG_ENABLE_OBJC_ARC = YES;
				CLANG_ENABLE_OBJC_WEAK = YES;
				CLANG_WARN_BLOCK_CAPTURE_AUTORELEASING = YES;
				CLANG_WARN_BOOL_CONVERSION = YES;
				CLANG_WARN_COMMA = YES;
				CLANG_WARN_CONSTANT_CONVERSION = YES;
				CLANG_WARN_DEPRECATED_OBJC_IMPLEMENTATIONS = YES;
				CLANG_WARN_DIRECT_OBJC_ISA_USAGE = YES_ERROR;
				CLANG_WARN_DOCUMENTATION_COMMENTS = YES;
				CLANG_WARN_EMPTY_BODY = YES;
				CLANG_WARN_ENUM_CONVERSION = YES;
				CLANG_WARN_INFINITE_RECURSION = YES;
				CLANG_WARN_INT_CONVERSION = YES;
				CLANG_WARN_NON_LITERAL_NULL_CONVERSION = YES;
				CLANG_WARN_OBJC_IMPLICIT_RETAIN_SELF = YES;
				CLANG_WARN_OBJC_LITERAL_CONVERSION = YES;
				CLANG_WARN_OBJC_ROOT_CLASS = YES_ERROR;
				CLANG_WARN_QUOTED_INCLUDE_IN_FRAMEWORK_HEADER = YES;
				CLANG_WARN_RANGE_LOOP_ANALYSIS = YES;
				CLANG_WARN_STRICT_PROTOTYPES = YES;
				CLANG_WARN_SUSPICIOUS_MOVE = YES;
				CLANG_WARN_UNGUARDED_AVAILABILITY = YES_AGGRESSIVE;
				CLANG_WARN_UNREACHABLE_CODE = YES;
				CLANG_WARN__DUPLICATE_METHOD_MATCH = YES;
				COPY_PHASE_STRIP = NO;
				DEBUG_INFORMATION_FORMAT = "dwarf-with-dsym";
				ENABLE_NS_ASSERTIONS = NO;
				ENABLE_STRICT_OBJC_MSGSEND = YES;
				GCC_C_LANGUAGE_STANDARD = gnu11;
				GCC_NO_COMMON_BLOCKS = YES;
				GCC_WARN_64_TO_32_BIT_CONVERSION = YES;
				GCC_WARN_ABOUT_RETURN_TYPE = YES_ERROR;
				GCC_WARN_UNDECLARED_SELECTOR = YES;
				GCC_WARN_UNINITIALIZED_AUTOS = YES_AGGRESSIVE;
				GCC_WARN_UNUSED_FUNCTION = YES;
				GCC_WARN_UNUSED_VARIABLE = YES;
				IPHONEOS_DEPLOYMENT_TARGET = 16.2;
				MTL_ENABLE_DEBUG_INFO = NO;
				MTL_FAST_MATH = YES;
				SDKROOT = iphoneos;
				SWIFT_COMPILATION_MODE = wholemodule;
				SWIFT_OPTIMIZATION_LEVEL = "-O";
				VALIDATE_PRODUCT = YES;
			};
			name = Release;
		};
		926B4187299C656500E5EE61 /* Debug */ = {
			isa = XCBuildConfiguration;
			buildSettings = {
				ASSETCATALOG_COMPILER_APPICON_NAME = AppIcon;
				ASSETCATALOG_COMPILER_GLOBAL_ACCENT_COLOR_NAME = AccentColor;
				CODE_SIGN_STYLE = Automatic;
				CURRENT_PROJECT_VERSION = 1;
				DEVELOPMENT_ASSET_PATHS = "\"iDesserts/Preview Content\"";
				DEVELOPMENT_TEAM = WSQUG76UX4;
				ENABLE_PREVIEWS = YES;
				GENERATE_INFOPLIST_FILE = YES;
				INFOPLIST_KEY_UIApplicationSceneManifest_Generation = YES;
				INFOPLIST_KEY_UIApplicationSupportsIndirectInputEvents = YES;
				INFOPLIST_KEY_UILaunchScreen_Generation = YES;
				INFOPLIST_KEY_UISupportedInterfaceOrientations_iPad = "UIInterfaceOrientationPortrait UIInterfaceOrientationPortraitUpsideDown UIInterfaceOrientationLandscapeLeft UIInterfaceOrientationLandscapeRight";
				INFOPLIST_KEY_UISupportedInterfaceOrientations_iPhone = "UIInterfaceOrientationPortrait UIInterfaceOrientationLandscapeLeft UIInterfaceOrientationLandscapeRight";
				LD_RUNPATH_SEARCH_PATHS = (
					"$(inherited)",
					"@executable_path/Frameworks",
				);
				MARKETING_VERSION = 1.0;
				PRODUCT_BUNDLE_IDENTIFIER = com.awu.iDesserts;
				PRODUCT_NAME = "$(TARGET_NAME)";
				SUPPORTED_PLATFORMS = "iphoneos iphonesimulator";
				SUPPORTS_MACCATALYST = NO;
				SUPPORTS_MAC_DESIGNED_FOR_IPHONE_IPAD = NO;
				SWIFT_EMIT_LOC_STRINGS = YES;
				SWIFT_VERSION = 5.0;
				TARGETED_DEVICE_FAMILY = "1,2";
			};
			name = Debug;
		};
		926B4188299C656500E5EE61 /* Release */ = {
			isa = XCBuildConfiguration;
			buildSettings = {
				ASSETCATALOG_COMPILER_APPICON_NAME = AppIcon;
				ASSETCATALOG_COMPILER_GLOBAL_ACCENT_COLOR_NAME = AccentColor;
				CODE_SIGN_STYLE = Automatic;
				CURRENT_PROJECT_VERSION = 1;
				DEVELOPMENT_ASSET_PATHS = "\"iDesserts/Preview Content\"";
				DEVELOPMENT_TEAM = WSQUG76UX4;
				ENABLE_PREVIEWS = YES;
				GENERATE_INFOPLIST_FILE = YES;
				INFOPLIST_KEY_UIApplicationSceneManifest_Generation = YES;
				INFOPLIST_KEY_UIApplicationSupportsIndirectInputEvents = YES;
				INFOPLIST_KEY_UILaunchScreen_Generation = YES;
				INFOPLIST_KEY_UISupportedInterfaceOrientations_iPad = "UIInterfaceOrientationPortrait UIInterfaceOrientationPortraitUpsideDown UIInterfaceOrientationLandscapeLeft UIInterfaceOrientationLandscapeRight";
				INFOPLIST_KEY_UISupportedInterfaceOrientations_iPhone = "UIInterfaceOrientationPortrait UIInterfaceOrientationLandscapeLeft UIInterfaceOrientationLandscapeRight";
				LD_RUNPATH_SEARCH_PATHS = (
					"$(inherited)",
					"@executable_path/Frameworks",
				);
				MARKETING_VERSION = 1.0;
				PRODUCT_BUNDLE_IDENTIFIER = com.awu.iDesserts;
				PRODUCT_NAME = "$(TARGET_NAME)";
				SUPPORTED_PLATFORMS = "iphoneos iphonesimulator";
				SUPPORTS_MACCATALYST = NO;
				SUPPORTS_MAC_DESIGNED_FOR_IPHONE_IPAD = NO;
				SWIFT_EMIT_LOC_STRINGS = YES;
				SWIFT_VERSION = 5.0;
				TARGETED_DEVICE_FAMILY = "1,2";
			};
			name = Release;
		};
/* End XCBuildConfiguration section */

/* Begin XCConfigurationList section */
		926B4173299C656200E5EE61 /* Build configuration list for PBXProject "iDesserts" */ = {
			isa = XCConfigurationList;
			buildConfigurations = (
				926B4184299C656500E5EE61 /* Debug */,
				926B4185299C656500E5EE61 /* Release */,
			);
			defaultConfigurationIsVisible = 0;
			defaultConfigurationName = Release;
		};
		926B4186299C656500E5EE61 /* Build configuration list for PBXNativeTarget "iDesserts" */ = {
			isa = XCConfigurationList;
			buildConfigurations = (
				926B4187299C656500E5EE61 /* Debug */,
				926B4188299C656500E5EE61 /* Release */,
			);
			defaultConfigurationIsVisible = 0;
			defaultConfigurationName = Release;
		};
/* End XCConfigurationList section */
	};
	rootObject = 926B4170299C656200E5EE61 /* Project object */;
}
